// !$*UTF8*$!
{
	archiveVersion = 1;
	classes = {
	};
	objectVersion = 51;
	objects = {

/* Begin PBXBuildFile section */
		3A3B1915B5DB95372D4341A5 /* Pods_BasicPlaylist.framework in Frameworks */ = {isa = PBXBuildFile; fileRef = B7A4475288AC392C0AFAE2E9 /* Pods_BasicPlaylist.framework */; };
		65C8576025DB163E009FA5A1 /* AppDelegate.swift in Sources */ = {isa = PBXBuildFile; fileRef = 65C8575F25DB163E009FA5A1 /* AppDelegate.swift */; };
		65C8576425DB163E009FA5A1 /* ViewController.swift in Sources */ = {isa = PBXBuildFile; fileRef = 65C8576325DB163E009FA5A1 /* ViewController.swift */; };
		65C8576725DB163E009FA5A1 /* Main.storyboard in Resources */ = {isa = PBXBuildFile; fileRef = 65C8576525DB163E009FA5A1 /* Main.storyboard */; };
		65C8576925DB163F009FA5A1 /* Assets.xcassets in Resources */ = {isa = PBXBuildFile; fileRef = 65C8576825DB163F009FA5A1 /* Assets.xcassets */; };
		65C8576C25DB163F009FA5A1 /* LaunchScreen.storyboard in Resources */ = {isa = PBXBuildFile; fileRef = 65C8576A25DB163F009FA5A1 /* LaunchScreen.storyboard */; };
/* End PBXBuildFile section */

/* Begin PBXFileReference section */
		65C8575C25DB163E009FA5A1 /* BasicPlaylist.app */ = {isa = PBXFileReference; explicitFileType = wrapper.application; includeInIndex = 0; path = BasicPlaylist.app; sourceTree = BUILT_PRODUCTS_DIR; };
		65C8575F25DB163E009FA5A1 /* AppDelegate.swift */ = {isa = PBXFileReference; lastKnownFileType = sourcecode.swift; path = AppDelegate.swift; sourceTree = "<group>"; };
		65C8576325DB163E009FA5A1 /* ViewController.swift */ = {isa = PBXFileReference; lastKnownFileType = sourcecode.swift; path = ViewController.swift; sourceTree = "<group>"; };
		65C8576625DB163E009FA5A1 /* Base */ = {isa = PBXFileReference; lastKnownFileType = file.storyboard; name = Base; path = Base.lproj/Main.storyboard; sourceTree = "<group>"; };
		65C8576825DB163F009FA5A1 /* Assets.xcassets */ = {isa = PBXFileReference; lastKnownFileType = folder.assetcatalog; path = Assets.xcassets; sourceTree = "<group>"; };
		65C8576B25DB163F009FA5A1 /* Base */ = {isa = PBXFileReference; lastKnownFileType = file.storyboard; name = Base; path = Base.lproj/LaunchScreen.storyboard; sourceTree = "<group>"; };
		65C8576D25DB163F009FA5A1 /* Info.plist */ = {isa = PBXFileReference; lastKnownFileType = text.plist.xml; path = Info.plist; sourceTree = "<group>"; };
		8A9A637B7021AF9339A75F78 /* Pods-BasicPlaylistApi.release.xcconfig */ = {isa = PBXFileReference; includeInIndex = 1; lastKnownFileType = text.xcconfig; name = "Pods-BasicPlaylistApi.release.xcconfig"; path = "Target Support Files/Pods-BasicPlaylistApi/Pods-BasicPlaylistApi.release.xcconfig"; sourceTree = "<group>"; };
		ADBF8323EDFE449253882FE3 /* Pods-BasicPlaylist.release.xcconfig */ = {isa = PBXFileReference; includeInIndex = 1; lastKnownFileType = text.xcconfig; name = "Pods-BasicPlaylist.release.xcconfig"; path = "Target Support Files/Pods-BasicPlaylist/Pods-BasicPlaylist.release.xcconfig"; sourceTree = "<group>"; };
		B7A4475288AC392C0AFAE2E9 /* Pods_BasicPlaylist.framework */ = {isa = PBXFileReference; explicitFileType = wrapper.framework; includeInIndex = 0; path = Pods_BasicPlaylist.framework; sourceTree = BUILT_PRODUCTS_DIR; };
		E6C3E9BF33303EC2D4C62A94 /* Pods-BasicPlaylistApi.debug.xcconfig */ = {isa = PBXFileReference; includeInIndex = 1; lastKnownFileType = text.xcconfig; name = "Pods-BasicPlaylistApi.debug.xcconfig"; path = "Target Support Files/Pods-BasicPlaylistApi/Pods-BasicPlaylistApi.debug.xcconfig"; sourceTree = "<group>"; };
		F73C19BA05627AADDE82C3A4 /* Pods-BasicPlaylist.debug.xcconfig */ = {isa = PBXFileReference; includeInIndex = 1; lastKnownFileType = text.xcconfig; name = "Pods-BasicPlaylist.debug.xcconfig"; path = "Target Support Files/Pods-BasicPlaylist/Pods-BasicPlaylist.debug.xcconfig"; sourceTree = "<group>"; };
/* End PBXFileReference section */

/* Begin PBXFrameworksBuildPhase section */
		65C8575925DB163E009FA5A1 /* Frameworks */ = {
			isa = PBXFrameworksBuildPhase;
			buildActionMask = 2147483647;
			files = (
				3A3B1915B5DB95372D4341A5 /* Pods_BasicPlaylist.framework in Frameworks */,
			);
			runOnlyForDeploymentPostprocessing = 0;
		};
/* End PBXFrameworksBuildPhase section */

/* Begin PBXGroup section */
		2EAB507123618CBBE5937CF6 /* Frameworks */ = {
			isa = PBXGroup;
			children = (
				B7A4475288AC392C0AFAE2E9 /* Pods_BasicPlaylist.framework */,
			);
			name = Frameworks;
			sourceTree = "<group>";
		};
		4D9D39D4BEB5171CBAD5B156 /* Pods */ = {
			isa = PBXGroup;
			children = (
				E6C3E9BF33303EC2D4C62A94 /* Pods-BasicPlaylistApi.debug.xcconfig */,
				8A9A637B7021AF9339A75F78 /* Pods-BasicPlaylistApi.release.xcconfig */,
				F73C19BA05627AADDE82C3A4 /* Pods-BasicPlaylist.debug.xcconfig */,
				ADBF8323EDFE449253882FE3 /* Pods-BasicPlaylist.release.xcconfig */,
			);
			name = Pods;
			path = ../Pods;
			sourceTree = "<group>";
		};
		65C8575325DB163E009FA5A1 = {
			isa = PBXGroup;
			children = (
				65C8575E25DB163E009FA5A1 /* BasicPlaylist */,
				65C8575D25DB163E009FA5A1 /* Products */,
				4D9D39D4BEB5171CBAD5B156 /* Pods */,
				2EAB507123618CBBE5937CF6 /* Frameworks */,
			);
			sourceTree = "<group>";
		};
		65C8575D25DB163E009FA5A1 /* Products */ = {
			isa = PBXGroup;
			children = (
				65C8575C25DB163E009FA5A1 /* BasicPlaylist.app */,
			);
			name = Products;
			sourceTree = "<group>";
		};
		65C8575E25DB163E009FA5A1 /* BasicPlaylist */ = {
			isa = PBXGroup;
			children = (
				65C8575F25DB163E009FA5A1 /* AppDelegate.swift */,
				65C8576325DB163E009FA5A1 /* ViewController.swift */,
				65C8576525DB163E009FA5A1 /* Main.storyboard */,
				65C8576825DB163F009FA5A1 /* Assets.xcassets */,
				65C8576A25DB163F009FA5A1 /* LaunchScreen.storyboard */,
				65C8576D25DB163F009FA5A1 /* Info.plist */,
			);
			path = BasicPlaylist;
			sourceTree = "<group>";
		};
/* End PBXGroup section */

/* Begin PBXNativeTarget section */
		65C8575B25DB163E009FA5A1 /* BasicPlaylist */ = {
			isa = PBXNativeTarget;
			buildConfigurationList = 65C8577025DB163F009FA5A1 /* Build configuration list for PBXNativeTarget "BasicPlaylist" */;
			buildPhases = (
				F45955D6B56C500D643454A3 /* [CP] Check Pods Manifest.lock */,
				65C8575825DB163E009FA5A1 /* Sources */,
				65C8575925DB163E009FA5A1 /* Frameworks */,
				65C8575A25DB163E009FA5A1 /* Resources */,
				A30EA67630F01D1BA7358D86 /* [CP] Embed Pods Frameworks */,
			);
			buildRules = (
			);
			dependencies = (
			);
			name = BasicPlaylist;
			productName = BasicPlaylistApi;
			productReference = 65C8575C25DB163E009FA5A1 /* BasicPlaylist.app */;
			productType = "com.apple.product-type.application";
		};
/* End PBXNativeTarget section */

/* Begin PBXProject section */
		65C8575425DB163E009FA5A1 /* Project object */ = {
			isa = PBXProject;
			attributes = {
				LastSwiftUpdateCheck = 1240;
				LastUpgradeCheck = 1240;
				TargetAttributes = {
					65C8575B25DB163E009FA5A1 = {
						CreatedOnToolsVersion = 12.4;
					};
				};
			};
			buildConfigurationList = 65C8575725DB163E009FA5A1 /* Build configuration list for PBXProject "BasicPlaylist" */;
			compatibilityVersion = "Xcode 9.3";
			developmentRegion = en;
			hasScannedForEncodings = 0;
			knownRegions = (
				en,
				Base,
			);
			mainGroup = 65C8575325DB163E009FA5A1;
			productRefGroup = 65C8575D25DB163E009FA5A1 /* Products */;
			projectDirPath = "";
			projectRoot = "";
			targets = (
				65C8575B25DB163E009FA5A1 /* BasicPlaylist */,
			);
		};
/* End PBXProject section */

/* Begin PBXResourcesBuildPhase section */
		65C8575A25DB163E009FA5A1 /* Resources */ = {
			isa = PBXResourcesBuildPhase;
			buildActionMask = 2147483647;
			files = (
				65C8576C25DB163F009FA5A1 /* LaunchScreen.storyboard in Resources */,
				65C8576925DB163F009FA5A1 /* Assets.xcassets in Resources */,
				65C8576725DB163E009FA5A1 /* Main.storyboard in Resources */,
			);
			runOnlyForDeploymentPostprocessing = 0;
		};
/* End PBXResourcesBuildPhase section */

/* Begin PBXShellScriptBuildPhase section */
		A30EA67630F01D1BA7358D86 /* [CP] Embed Pods Frameworks */ = {
			isa = PBXShellScriptBuildPhase;
			buildActionMask = 2147483647;
			files = (
			);
			inputFileListPaths = (
				"${PODS_ROOT}/Target Support Files/Pods-BasicPlaylist/Pods-BasicPlaylist-frameworks-${CONFIGURATION}-input-files.xcfilelist",
			);
			name = "[CP] Embed Pods Frameworks";
			outputFileListPaths = (
				"${PODS_ROOT}/Target Support Files/Pods-BasicPlaylist/Pods-BasicPlaylist-frameworks-${CONFIGURATION}-output-files.xcfilelist",
			);
			runOnlyForDeploymentPostprocessing = 0;
			shellPath = /bin/sh;
			shellScript = "\"${PODS_ROOT}/Target Support Files/Pods-BasicPlaylist/Pods-BasicPlaylist-frameworks.sh\"\n";
			showEnvVarsInLog = 0;
		};
		F45955D6B56C500D643454A3 /* [CP] Check Pods Manifest.lock */ = {
			isa = PBXShellScriptBuildPhase;
			buildActionMask = 2147483647;
			files = (
			);
			inputFileListPaths = (
			);
			inputPaths = (
				"${PODS_PODFILE_DIR_PATH}/Podfile.lock",
				"${PODS_ROOT}/Manifest.lock",
			);
			name = "[CP] Check Pods Manifest.lock";
			outputFileListPaths = (
			);
			outputPaths = (
				"$(DERIVED_FILE_DIR)/Pods-BasicPlaylist-checkManifestLockResult.txt",
			);
			runOnlyForDeploymentPostprocessing = 0;
			shellPath = /bin/sh;
			shellScript = "diff \"${PODS_PODFILE_DIR_PATH}/Podfile.lock\" \"${PODS_ROOT}/Manifest.lock\" > /dev/null\nif [ $? != 0 ] ; then\n    # print error to STDERR\n    echo \"error: The sandbox is not in sync with the Podfile.lock. Run 'pod install' or update your CocoaPods installation.\" >&2\n    exit 1\nfi\n# This output is used by Xcode 'outputs' to avoid re-running this script phase.\necho \"SUCCESS\" > \"${SCRIPT_OUTPUT_FILE_0}\"\n";
			showEnvVarsInLog = 0;
		};
/* End PBXShellScriptBuildPhase section */

/* Begin PBXSourcesBuildPhase section */
		65C8575825DB163E009FA5A1 /* Sources */ = {
			isa = PBXSourcesBuildPhase;
			buildActionMask = 2147483647;
			files = (
				65C8576425DB163E009FA5A1 /* ViewController.swift in Sources */,
				65C8576025DB163E009FA5A1 /* AppDelegate.swift in Sources */,
			);
			runOnlyForDeploymentPostprocessing = 0;
		};
/* End PBXSourcesBuildPhase section */

/* Begin PBXVariantGroup section */
		65C8576525DB163E009FA5A1 /* Main.storyboard */ = {
			isa = PBXVariantGroup;
			children = (
				65C8576625DB163E009FA5A1 /* Base */,
			);
			name = Main.storyboard;
			sourceTree = "<group>";
		};
		65C8576A25DB163F009FA5A1 /* LaunchScreen.storyboard */ = {
			isa = PBXVariantGroup;
			children = (
				65C8576B25DB163F009FA5A1 /* Base */,
			);
			name = LaunchScreen.storyboard;
			sourceTree = "<group>";
		};
/* End PBXVariantGroup section */

/* Begin XCBuildConfiguration section */
		65C8576E25DB163F009FA5A1 /* Debug */ = {
			isa = XCBuildConfiguration;
			buildSettings = {
				ALWAYS_SEARCH_USER_PATHS = NO;
				CLANG_ANALYZER_NONNULL = YES;
				CLANG_ANALYZER_NUMBER_OBJECT_CONVERSION = YES_AGGRESSIVE;
				CLANG_CXX_LANGUAGE_STANDARD = "gnu++14";
				CLANG_CXX_LIBRARY = "libc++";
				CLANG_ENABLE_MODULES = YES;
				CLANG_ENABLE_OBJC_ARC = YES;
				CLANG_ENABLE_OBJC_WEAK = YES;
				CLANG_WARN_BLOCK_CAPTURE_AUTORELEASING = YES;
				CLANG_WARN_BOOL_CONVERSION = YES;
				CLANG_WARN_COMMA = YES;
				CLANG_WARN_CONSTANT_CONVERSION = YES;
				CLANG_WARN_DEPRECATED_OBJC_IMPLEMENTATIONS = YES;
				CLANG_WARN_DIRECT_OBJC_ISA_USAGE = YES_ERROR;
				CLANG_WARN_DOCUMENTATION_COMMENTS = YES;
				CLANG_WARN_EMPTY_BODY = YES;
				CLANG_WARN_ENUM_CONVERSION = YES;
				CLANG_WARN_INFINITE_RECURSION = YES;
				CLANG_WARN_INT_CONVERSION = YES;
				CLANG_WARN_NON_LITERAL_NULL_CONVERSION = YES;
				CLANG_WARN_OBJC_IMPLICIT_RETAIN_SELF = YES;
				CLANG_WARN_OBJC_LITERAL_CONVERSION = YES;
				CLANG_WARN_OBJC_ROOT_CLASS = YES_ERROR;
				CLANG_WARN_QUOTED_INCLUDE_IN_FRAMEWORK_HEADER = YES;
				CLANG_WARN_RANGE_LOOP_ANALYSIS = YES;
				CLANG_WARN_STRICT_PROTOTYPES = YES;
				CLANG_WARN_SUSPICIOUS_MOVE = YES;
				CLANG_WARN_UNGUARDED_AVAILABILITY = YES_AGGRESSIVE;
				CLANG_WARN_UNREACHABLE_CODE = YES;
				CLANG_WARN__DUPLICATE_METHOD_MATCH = YES;
				COPY_PHASE_STRIP = NO;
				DEBUG_INFORMATION_FORMAT = dwarf;
				ENABLE_STRICT_OBJC_MSGSEND = YES;
				ENABLE_TESTABILITY = YES;
				GCC_C_LANGUAGE_STANDARD = gnu11;
				GCC_DYNAMIC_NO_PIC = NO;
				GCC_NO_COMMON_BLOCKS = YES;
				GCC_OPTIMIZATION_LEVEL = 0;
				GCC_PREPROCESSOR_DEFINITIONS = (
					"DEBUG=1",
					"$(inherited)",
				);
				GCC_WARN_64_TO_32_BIT_CONVERSION = YES;
				GCC_WARN_ABOUT_RETURN_TYPE = YES_ERROR;
				GCC_WARN_UNDECLARED_SELECTOR = YES;
				GCC_WARN_UNINITIALIZED_AUTOS = YES_AGGRESSIVE;
				GCC_WARN_UNUSED_FUNCTION = YES;
				GCC_WARN_UNUSED_VARIABLE = YES;
				INFOPLIST_FILE = "";
				IPHONEOS_DEPLOYMENT_TARGET = 10.0;
				MTL_ENABLE_DEBUG_INFO = INCLUDE_SOURCE;
				MTL_FAST_MATH = YES;
				ONLY_ACTIVE_ARCH = YES;
				SDKROOT = iphoneos;
				SWIFT_ACTIVE_COMPILATION_CONDITIONS = DEBUG;
				SWIFT_OPTIMIZATION_LEVEL = "-Onone";
			};
			name = Debug;
		};
		65C8576F25DB163F009FA5A1 /* Release */ = {
			isa = XCBuildConfiguration;
			buildSettings = {
				ALWAYS_SEARCH_USER_PATHS = NO;
				CLANG_ANALYZER_NONNULL = YES;
				CLANG_ANALYZER_NUMBER_OBJECT_CONVERSION = YES_AGGRESSIVE;
				CLANG_CXX_LANGUAGE_STANDARD = "gnu++14";
				CLANG_CXX_LIBRARY = "libc++";
				CLANG_ENABLE_MODULES = YES;
				CLANG_ENABLE_OBJC_ARC = YES;
				CLANG_ENABLE_OBJC_WEAK = YES;
				CLANG_WARN_BLOCK_CAPTURE_AUTORELEASING = YES;
				CLANG_WARN_BOOL_CONVERSION = YES;
				CLANG_WARN_COMMA = YES;
				CLANG_WARN_CONSTANT_CONVERSION = YES;
				CLANG_WARN_DEPRECATED_OBJC_IMPLEMENTATIONS = YES;
				CLANG_WARN_DIRECT_OBJC_ISA_USAGE = YES_ERROR;
				CLANG_WARN_DOCUMENTATION_COMMENTS = YES;
				CLANG_WARN_EMPTY_BODY = YES;
				CLANG_WARN_ENUM_CONVERSION = YES;
				CLANG_WARN_INFINITE_RECURSION = YES;
				CLANG_WARN_INT_CONVERSION = YES;
				CLANG_WARN_NON_LITERAL_NULL_CONVERSION = YES;
				CLANG_WARN_OBJC_IMPLICIT_RETAIN_SELF = YES;
				CLANG_WARN_OBJC_LITERAL_CONVERSION = YES;
				CLANG_WARN_OBJC_ROOT_CLASS = YES_ERROR;
				CLANG_WARN_QUOTED_INCLUDE_IN_FRAMEWORK_HEADER = YES;
				CLANG_WARN_RANGE_LOOP_ANALYSIS = YES;
				CLANG_WARN_STRICT_PROTOTYPES = YES;
				CLANG_WARN_SUSPICIOUS_MOVE = YES;
				CLANG_WARN_UNGUARDED_AVAILABILITY = YES_AGGRESSIVE;
				CLANG_WARN_UNREACHABLE_CODE = YES;
				CLANG_WARN__DUPLICATE_METHOD_MATCH = YES;
				COPY_PHASE_STRIP = NO;
				DEBUG_INFORMATION_FORMAT = "dwarf-with-dsym";
				ENABLE_NS_ASSERTIONS = NO;
				ENABLE_STRICT_OBJC_MSGSEND = YES;
				GCC_C_LANGUAGE_STANDARD = gnu11;
				GCC_NO_COMMON_BLOCKS = YES;
				GCC_WARN_64_TO_32_BIT_CONVERSION = YES;
				GCC_WARN_ABOUT_RETURN_TYPE = YES_ERROR;
				GCC_WARN_UNDECLARED_SELECTOR = YES;
				GCC_WARN_UNINITIALIZED_AUTOS = YES_AGGRESSIVE;
				GCC_WARN_UNUSED_FUNCTION = YES;
				GCC_WARN_UNUSED_VARIABLE = YES;
				INFOPLIST_FILE = "";
				IPHONEOS_DEPLOYMENT_TARGET = 10.0;
				MTL_ENABLE_DEBUG_INFO = NO;
				MTL_FAST_MATH = YES;
				SDKROOT = iphoneos;
				SWIFT_COMPILATION_MODE = wholemodule;
				SWIFT_OPTIMIZATION_LEVEL = "-O";
				VALIDATE_PRODUCT = YES;
			};
			name = Release;
		};
		65C8577125DB163F009FA5A1 /* Debug */ = {
			isa = XCBuildConfiguration;
			baseConfigurationReference = F73C19BA05627AADDE82C3A4 /* Pods-BasicPlaylist.debug.xcconfig */;
			buildSettings = {
				ASSETCATALOG_COMPILER_APPICON_NAME = AppIcon;
				ASSETCATALOG_COMPILER_GLOBAL_ACCENT_COLOR_NAME = AccentColor;
				CODE_SIGN_STYLE = Automatic;
				DEVELOPMENT_TEAM = "";
				INFOPLIST_FILE = BasicPlaylist/Info.plist;
				IPHONEOS_DEPLOYMENT_TARGET = 12.0;
				LD_RUNPATH_SEARCH_PATHS = (
					"$(inherited)",
					"@executable_path/Frameworks",
				);
				PRODUCT_BUNDLE_IDENTIFIER = com.bitmovin.player.samples.playlist.basic;
				PRODUCT_NAME = "$(TARGET_NAME)";
				SWIFT_VERSION = 5.0;
				TARGETED_DEVICE_FAMILY = "1,2";
			};
			name = Debug;
		};
		65C8577225DB163F009FA5A1 /* Release */ = {
			isa = XCBuildConfiguration;
			baseConfigurationReference = ADBF8323EDFE449253882FE3 /* Pods-BasicPlaylist.release.xcconfig */;
			buildSettings = {
				ASSETCATALOG_COMPILER_APPICON_NAME = AppIcon;
				ASSETCATALOG_COMPILER_GLOBAL_ACCENT_COLOR_NAME = AccentColor;
				CODE_SIGN_STYLE = Automatic;
				DEVELOPMENT_TEAM = "";
				INFOPLIST_FILE = BasicPlaylist/Info.plist;
				IPHONEOS_DEPLOYMENT_TARGET = 12.0;
				LD_RUNPATH_SEARCH_PATHS = (
					"$(inherited)",
					"@executable_path/Frameworks",
				);
				PRODUCT_BUNDLE_IDENTIFIER = com.bitmovin.player.samples.playlist.basic;
				PRODUCT_NAME = "$(TARGET_NAME)";
				SWIFT_VERSION = 5.0;
				TARGETED_DEVICE_FAMILY = "1,2";
			};
			name = Release;
		};
/* End XCBuildConfiguration section */

/* Begin XCConfigurationList section */
		65C8575725DB163E009FA5A1 /* Build configuration list for PBXProject "BasicPlaylist" */ = {
			isa = XCConfigurationList;
			buildConfigurations = (
				65C8576E25DB163F009FA5A1 /* Debug */,
				65C8576F25DB163F009FA5A1 /* Release */,
			);
			defaultConfigurationIsVisible = 0;
			defaultConfigurationName = Release;
		};
		65C8577025DB163F009FA5A1 /* Build configuration list for PBXNativeTarget "BasicPlaylist" */ = {
			isa = XCConfigurationList;
			buildConfigurations = (
				65C8577125DB163F009FA5A1 /* Debug */,
				65C8577225DB163F009FA5A1 /* Release */,
			);
			defaultConfigurationIsVisible = 0;
			defaultConfigurationName = Release;
		};
/* End XCConfigurationList section */
	};
	rootObject = 65C8575425DB163E009FA5A1 /* Project object */;
}
