// !$*UTF8*$!
{
	archiveVersion = 1;
	classes = {
	};
	objectVersion = 46;
	objects = {

/* Begin PBXBuildFile section */
		1F117D2B05D9F5784F1CFFC2 /* Pods_CustomHtmlUi.framework in Frameworks */ = {isa = PBXBuildFile; fileRef = 8C3060312D9EECBB5604476D /* Pods_CustomHtmlUi.framework */; };
		AC094AE41F3CD83D00EF6F94 /* AppDelegate.swift in Sources */ = {isa = PBXBuildFile; fileRef = AC094AE31F3CD83D00EF6F94 /* AppDelegate.swift */; };
		AC094AE61F3CD83D00EF6F94 /* ViewController.swift in Sources */ = {isa = PBXBuildFile; fileRef = AC094AE51F3CD83D00EF6F94 /* ViewController.swift */; };
		AC094AE91F3CD83D00EF6F94 /* Main.storyboard in Resources */ = {isa = PBXBuildFile; fileRef = AC094AE71F3CD83D00EF6F94 /* Main.storyboard */; };
		AC094AEC1F3CD83D00EF6F94 /* CustomHtmlUi.xcdatamodeld in Sources */ = {isa = PBXBuildFile; fileRef = AC094AEA1F3CD83D00EF6F94 /* CustomHtmlUi.xcdatamodeld */; };
		AC094AEE1F3CD83D00EF6F94 /* Assets.xcassets in Resources */ = {isa = PBXBuildFile; fileRef = AC094AED1F3CD83D00EF6F94 /* Assets.xcassets */; };
		AC094AF11F3CD83D00EF6F94 /* LaunchScreen.storyboard in Resources */ = {isa = PBXBuildFile; fileRef = AC094AEF1F3CD83D00EF6F94 /* LaunchScreen.storyboard */; };
/* End PBXBuildFile section */

/* Begin PBXFileReference section */
		4335053FCF563334815F88DA /* Pods-CustomHtmlUi.debug.xcconfig */ = {isa = PBXFileReference; includeInIndex = 1; lastKnownFileType = text.xcconfig; name = "Pods-CustomHtmlUi.debug.xcconfig"; path = "../Pods/Target Support Files/Pods-CustomHtmlUi/Pods-CustomHtmlUi.debug.xcconfig"; sourceTree = "<group>"; };
		8C3060312D9EECBB5604476D /* Pods_CustomHtmlUi.framework */ = {isa = PBXFileReference; explicitFileType = wrapper.framework; includeInIndex = 0; path = Pods_CustomHtmlUi.framework; sourceTree = BUILT_PRODUCTS_DIR; };
		971DF31B4589A0AA7A677280 /* Pods-CustomHtmlUi.release.xcconfig */ = {isa = PBXFileReference; includeInIndex = 1; lastKnownFileType = text.xcconfig; name = "Pods-CustomHtmlUi.release.xcconfig"; path = "../Pods/Target Support Files/Pods-CustomHtmlUi/Pods-CustomHtmlUi.release.xcconfig"; sourceTree = "<group>"; };
		AC094AE01F3CD83D00EF6F94 /* CustomHtmlUi.app */ = {isa = PBXFileReference; explicitFileType = wrapper.application; includeInIndex = 0; path = CustomHtmlUi.app; sourceTree = BUILT_PRODUCTS_DIR; };
		AC094AE31F3CD83D00EF6F94 /* AppDelegate.swift */ = {isa = PBXFileReference; lastKnownFileType = sourcecode.swift; path = AppDelegate.swift; sourceTree = "<group>"; };
		AC094AE51F3CD83D00EF6F94 /* ViewController.swift */ = {isa = PBXFileReference; lastKnownFileType = sourcecode.swift; path = ViewController.swift; sourceTree = "<group>"; };
		AC094AE81F3CD83D00EF6F94 /* Base */ = {isa = PBXFileReference; lastKnownFileType = file.storyboard; name = Base; path = Base.lproj/Main.storyboard; sourceTree = "<group>"; };
		AC094AEB1F3CD83D00EF6F94 /* CustomHtmlUi.xcdatamodel */ = {isa = PBXFileReference; lastKnownFileType = wrapper.xcdatamodel; path = CustomHtmlUi.xcdatamodel; sourceTree = "<group>"; };
		AC094AED1F3CD83D00EF6F94 /* Assets.xcassets */ = {isa = PBXFileReference; lastKnownFileType = folder.assetcatalog; path = Assets.xcassets; sourceTree = "<group>"; };
		AC094AF01F3CD83D00EF6F94 /* Base */ = {isa = PBXFileReference; lastKnownFileType = file.storyboard; name = Base; path = Base.lproj/LaunchScreen.storyboard; sourceTree = "<group>"; };
		AC094AF21F3CD83D00EF6F94 /* Info.plist */ = {isa = PBXFileReference; lastKnownFileType = text.plist.xml; path = Info.plist; sourceTree = "<group>"; };
/* End PBXFileReference section */

/* Begin PBXFrameworksBuildPhase section */
		AC094ADD1F3CD83D00EF6F94 /* Frameworks */ = {
			isa = PBXFrameworksBuildPhase;
			buildActionMask = 2147483647;
			files = (
				1F117D2B05D9F5784F1CFFC2 /* Pods_CustomHtmlUi.framework in Frameworks */,
			);
			runOnlyForDeploymentPostprocessing = 0;
		};
/* End PBXFrameworksBuildPhase section */

/* Begin PBXGroup section */
		2E9152F56ECCCF7256A55488 /* Pods */ = {
			isa = PBXGroup;
			children = (
				4335053FCF563334815F88DA /* Pods-CustomHtmlUi.debug.xcconfig */,
				971DF31B4589A0AA7A677280 /* Pods-CustomHtmlUi.release.xcconfig */,
			);
			name = Pods;
			sourceTree = "<group>";
		};
		AC094AD71F3CD83D00EF6F94 = {
			isa = PBXGroup;
			children = (
				AC094AE21F3CD83D00EF6F94 /* CustomHtmlUi */,
				AC094AE11F3CD83D00EF6F94 /* Products */,
				2E9152F56ECCCF7256A55488 /* Pods */,
				C0EC42B5840CC1E2960EFB3D /* Frameworks */,
			);
			sourceTree = "<group>";
		};
		AC094AE11F3CD83D00EF6F94 /* Products */ = {
			isa = PBXGroup;
			children = (
				AC094AE01F3CD83D00EF6F94 /* CustomHtmlUi.app */,
			);
			name = Products;
			sourceTree = "<group>";
		};
		AC094AE21F3CD83D00EF6F94 /* CustomHtmlUi */ = {
			isa = PBXGroup;
			children = (
				AC094AE31F3CD83D00EF6F94 /* AppDelegate.swift */,
				AC094AE51F3CD83D00EF6F94 /* ViewController.swift */,
				AC094AE71F3CD83D00EF6F94 /* Main.storyboard */,
				AC094AED1F3CD83D00EF6F94 /* Assets.xcassets */,
				AC094AEF1F3CD83D00EF6F94 /* LaunchScreen.storyboard */,
				AC094AF21F3CD83D00EF6F94 /* Info.plist */,
				AC094AEA1F3CD83D00EF6F94 /* CustomHtmlUi.xcdatamodeld */,
			);
			path = CustomHtmlUi;
			sourceTree = "<group>";
		};
		C0EC42B5840CC1E2960EFB3D /* Frameworks */ = {
			isa = PBXGroup;
			children = (
				8C3060312D9EECBB5604476D /* Pods_CustomHtmlUi.framework */,
			);
			name = Frameworks;
			sourceTree = "<group>";
		};
/* End PBXGroup section */

/* Begin PBXNativeTarget section */
		AC094ADF1F3CD83D00EF6F94 /* CustomHtmlUi */ = {
			isa = PBXNativeTarget;
			buildConfigurationList = AC094AF51F3CD83D00EF6F94 /* Build configuration list for PBXNativeTarget "CustomHtmlUi" */;
			buildPhases = (
				C1D201763CA5944B400202D7 /* [CP] Check Pods Manifest.lock */,
				AC094ADC1F3CD83D00EF6F94 /* Sources */,
				AC094ADD1F3CD83D00EF6F94 /* Frameworks */,
				AC094ADE1F3CD83D00EF6F94 /* Resources */,
				4921319B4222D93033C18F68 /* [CP] Embed Pods Frameworks */,
			);
			buildRules = (
			);
			dependencies = (
			);
			name = CustomHtmlUi;
			productName = CustomHtmlUi;
			productReference = AC094AE01F3CD83D00EF6F94 /* CustomHtmlUi.app */;
			productType = "com.apple.product-type.application";
		};
/* End PBXNativeTarget section */

/* Begin PBXProject section */
		AC094AD81F3CD83D00EF6F94 /* Project object */ = {
			isa = PBXProject;
			attributes = {
				LastSwiftUpdateCheck = 0830;
				LastUpgradeCheck = 0930;
				ORGANIZATIONNAME = Bitmovin;
				TargetAttributes = {
					AC094ADF1F3CD83D00EF6F94 = {
						CreatedOnToolsVersion = 8.3.3;
						LastSwiftMigration = 1010;
						ProvisioningStyle = Automatic;
					};
				};
			};
			buildConfigurationList = AC094ADB1F3CD83D00EF6F94 /* Build configuration list for PBXProject "CustomHtmlUi" */;
			compatibilityVersion = "Xcode 3.2";
			developmentRegion = English;
			hasScannedForEncodings = 0;
			knownRegions = (
				en,
				Base,
			);
			mainGroup = AC094AD71F3CD83D00EF6F94;
			productRefGroup = AC094AE11F3CD83D00EF6F94 /* Products */;
			projectDirPath = "";
			projectRoot = "";
			targets = (
				AC094ADF1F3CD83D00EF6F94 /* CustomHtmlUi */,
			);
		};
/* End PBXProject section */

/* Begin PBXResourcesBuildPhase section */
		AC094ADE1F3CD83D00EF6F94 /* Resources */ = {
			isa = PBXResourcesBuildPhase;
			buildActionMask = 2147483647;
			files = (
				AC094AF11F3CD83D00EF6F94 /* LaunchScreen.storyboard in Resources */,
				AC094AEE1F3CD83D00EF6F94 /* Assets.xcassets in Resources */,
				AC094AE91F3CD83D00EF6F94 /* Main.storyboard in Resources */,
			);
			runOnlyForDeploymentPostprocessing = 0;
		};
/* End PBXResourcesBuildPhase section */

/* Begin PBXShellScriptBuildPhase section */
		4921319B4222D93033C18F68 /* [CP] Embed Pods Frameworks */ = {
			isa = PBXShellScriptBuildPhase;
			buildActionMask = 2147483647;
			files = (
			);
			inputPaths = (
				"${SRCROOT}/../Pods/Target Support Files/Pods-CustomHtmlUi/Pods-CustomHtmlUi-frameworks.sh",
				"${PODS_ROOT}/BitmovinPlayer/iOS/BitmovinPlayer.framework",
			);
			name = "[CP] Embed Pods Frameworks";
			outputPaths = (
				"${TARGET_BUILD_DIR}/${FRAMEWORKS_FOLDER_PATH}/BitmovinPlayer.framework",
			);
			runOnlyForDeploymentPostprocessing = 0;
			shellPath = /bin/sh;
			shellScript = "\"${SRCROOT}/../Pods/Target Support Files/Pods-CustomHtmlUi/Pods-CustomHtmlUi-frameworks.sh\"\n";
			showEnvVarsInLog = 0;
		};
		C1D201763CA5944B400202D7 /* [CP] Check Pods Manifest.lock */ = {
			isa = PBXShellScriptBuildPhase;
			buildActionMask = 2147483647;
			files = (
			);
			inputPaths = (
				"${PODS_PODFILE_DIR_PATH}/Podfile.lock",
				"${PODS_ROOT}/Manifest.lock",
			);
			name = "[CP] Check Pods Manifest.lock";
			outputPaths = (
				"$(DERIVED_FILE_DIR)/Pods-CustomHtmlUi-checkManifestLockResult.txt",
			);
			runOnlyForDeploymentPostprocessing = 0;
			shellPath = /bin/sh;
			shellScript = "diff \"${PODS_PODFILE_DIR_PATH}/Podfile.lock\" \"${PODS_ROOT}/Manifest.lock\" > /dev/null\nif [ $? != 0 ] ; then\n    # print error to STDERR\n    echo \"error: The sandbox is not in sync with the Podfile.lock. Run 'pod install' or update your CocoaPods installation.\" >&2\n    exit 1\nfi\n# This output is used by Xcode 'outputs' to avoid re-running this script phase.\necho \"SUCCESS\" > \"${SCRIPT_OUTPUT_FILE_0}\"\n";
			showEnvVarsInLog = 0;
		};
/* End PBXShellScriptBuildPhase section */

/* Begin PBXSourcesBuildPhase section */
		AC094ADC1F3CD83D00EF6F94 /* Sources */ = {
			isa = PBXSourcesBuildPhase;
			buildActionMask = 2147483647;
			files = (
				AC094AEC1F3CD83D00EF6F94 /* CustomHtmlUi.xcdatamodeld in Sources */,
				AC094AE61F3CD83D00EF6F94 /* ViewController.swift in Sources */,
				AC094AE41F3CD83D00EF6F94 /* AppDelegate.swift in Sources */,
			);
			runOnlyForDeploymentPostprocessing = 0;
		};
/* End PBXSourcesBuildPhase section */

/* Begin PBXVariantGroup section */
		AC094AE71F3CD83D00EF6F94 /* Main.storyboard */ = {
			isa = PBXVariantGroup;
			children = (
				AC094AE81F3CD83D00EF6F94 /* Base */,
			);
			name = Main.storyboard;
			sourceTree = "<group>";
		};
		AC094AEF1F3CD83D00EF6F94 /* LaunchScreen.storyboard */ = {
			isa = PBXVariantGroup;
			children = (
				AC094AF01F3CD83D00EF6F94 /* Base */,
			);
			name = LaunchScreen.storyboard;
			sourceTree = "<group>";
		};
/* End PBXVariantGroup section */

/* Begin XCBuildConfiguration section */
		AC094AF31F3CD83D00EF6F94 /* Debug */ = {
			isa = XCBuildConfiguration;
			buildSettings = {
				ALWAYS_SEARCH_USER_PATHS = NO;
				CLANG_ANALYZER_NONNULL = YES;
				CLANG_ANALYZER_NUMBER_OBJECT_CONVERSION = YES_AGGRESSIVE;
				CLANG_CXX_LANGUAGE_STANDARD = "gnu++0x";
				CLANG_CXX_LIBRARY = "libc++";
				CLANG_ENABLE_MODULES = YES;
				CLANG_ENABLE_OBJC_ARC = YES;
				CLANG_WARN_BLOCK_CAPTURE_AUTORELEASING = YES;
				CLANG_WARN_BOOL_CONVERSION = YES;
				CLANG_WARN_COMMA = YES;
				CLANG_WARN_CONSTANT_CONVERSION = YES;
				CLANG_WARN_DEPRECATED_OBJC_IMPLEMENTATIONS = YES;
				CLANG_WARN_DIRECT_OBJC_ISA_USAGE = YES_ERROR;
				CLANG_WARN_DOCUMENTATION_COMMENTS = YES;
				CLANG_WARN_EMPTY_BODY = YES;
				CLANG_WARN_ENUM_CONVERSION = YES;
				CLANG_WARN_INFINITE_RECURSION = YES;
				CLANG_WARN_INT_CONVERSION = YES;
				CLANG_WARN_NON_LITERAL_NULL_CONVERSION = YES;
				CLANG_WARN_OBJC_IMPLICIT_RETAIN_SELF = YES;
				CLANG_WARN_OBJC_LITERAL_CONVERSION = YES;
				CLANG_WARN_OBJC_ROOT_CLASS = YES_ERROR;
				CLANG_WARN_RANGE_LOOP_ANALYSIS = YES;
				CLANG_WARN_STRICT_PROTOTYPES = YES;
				CLANG_WARN_SUSPICIOUS_MOVE = YES;
				CLANG_WARN_UNREACHABLE_CODE = YES;
				CLANG_WARN__DUPLICATE_METHOD_MATCH = YES;
				"CODE_SIGN_IDENTITY[sdk=iphoneos*]" = "iPhone Developer";
				COPY_PHASE_STRIP = NO;
				DEBUG_INFORMATION_FORMAT = dwarf;
				ENABLE_STRICT_OBJC_MSGSEND = YES;
				ENABLE_TESTABILITY = YES;
				GCC_C_LANGUAGE_STANDARD = gnu99;
				GCC_DYNAMIC_NO_PIC = NO;
				GCC_NO_COMMON_BLOCKS = YES;
				GCC_OPTIMIZATION_LEVEL = 0;
				GCC_PREPROCESSOR_DEFINITIONS = (
					"DEBUG=1",
					"$(inherited)",
				);
				GCC_WARN_64_TO_32_BIT_CONVERSION = YES;
				GCC_WARN_ABOUT_RETURN_TYPE = YES_ERROR;
				GCC_WARN_UNDECLARED_SELECTOR = YES;
				GCC_WARN_UNINITIALIZED_AUTOS = YES_AGGRESSIVE;
				GCC_WARN_UNUSED_FUNCTION = YES;
				GCC_WARN_UNUSED_VARIABLE = YES;
				IPHONEOS_DEPLOYMENT_TARGET = 10.3;
				MTL_ENABLE_DEBUG_INFO = YES;
				ONLY_ACTIVE_ARCH = YES;
				SDKROOT = iphoneos;
				SWIFT_ACTIVE_COMPILATION_CONDITIONS = DEBUG;
				SWIFT_OPTIMIZATION_LEVEL = "-Onone";
				SWIFT_VERSION = 4.2;
				TARGETED_DEVICE_FAMILY = "1,2";
			};
			name = Debug;
		};
		AC094AF41F3CD83D00EF6F94 /* Release */ = {
			isa = XCBuildConfiguration;
			buildSettings = {
				ALWAYS_SEARCH_USER_PATHS = NO;
				CLANG_ANALYZER_NONNULL = YES;
				CLANG_ANALYZER_NUMBER_OBJECT_CONVERSION = YES_AGGRESSIVE;
				CLANG_CXX_LANGUAGE_STANDARD = "gnu++0x";
				CLANG_CXX_LIBRARY = "libc++";
				CLANG_ENABLE_MODULES = YES;
				CLANG_ENABLE_OBJC_ARC = YES;
				CLANG_WARN_BLOCK_CAPTURE_AUTORELEASING = YES;
				CLANG_WARN_BOOL_CONVERSION = YES;
				CLANG_WARN_COMMA = YES;
				CLANG_WARN_CONSTANT_CONVERSION = YES;
				CLANG_WARN_DEPRECATED_OBJC_IMPLEMENTATIONS = YES;
				CLANG_WARN_DIRECT_OBJC_ISA_USAGE = YES_ERROR;
				CLANG_WARN_DOCUMENTATION_COMMENTS = YES;
				CLANG_WARN_EMPTY_BODY = YES;
				CLANG_WARN_ENUM_CONVERSION = YES;
				CLANG_WARN_INFINITE_RECURSION = YES;
				CLANG_WARN_INT_CONVERSION = YES;
				CLANG_WARN_NON_LITERAL_NULL_CONVERSION = YES;
				CLANG_WARN_OBJC_IMPLICIT_RETAIN_SELF = YES;
				CLANG_WARN_OBJC_LITERAL_CONVERSION = YES;
				CLANG_WARN_OBJC_ROOT_CLASS = YES_ERROR;
				CLANG_WARN_RANGE_LOOP_ANALYSIS = YES;
				CLANG_WARN_STRICT_PROTOTYPES = YES;
				CLANG_WARN_SUSPICIOUS_MOVE = YES;
				CLANG_WARN_UNREACHABLE_CODE = YES;
				CLANG_WARN__DUPLICATE_METHOD_MATCH = YES;
				"CODE_SIGN_IDENTITY[sdk=iphoneos*]" = "iPhone Developer";
				COPY_PHASE_STRIP = NO;
				DEBUG_INFORMATION_FORMAT = "dwarf-with-dsym";
				ENABLE_NS_ASSERTIONS = NO;
				ENABLE_STRICT_OBJC_MSGSEND = YES;
				GCC_C_LANGUAGE_STANDARD = gnu99;
				GCC_NO_COMMON_BLOCKS = YES;
				GCC_WARN_64_TO_32_BIT_CONVERSION = YES;
				GCC_WARN_ABOUT_RETURN_TYPE = YES_ERROR;
				GCC_WARN_UNDECLARED_SELECTOR = YES;
				GCC_WARN_UNINITIALIZED_AUTOS = YES_AGGRESSIVE;
				GCC_WARN_UNUSED_FUNCTION = YES;
				GCC_WARN_UNUSED_VARIABLE = YES;
				IPHONEOS_DEPLOYMENT_TARGET = 10.3;
				MTL_ENABLE_DEBUG_INFO = NO;
				SDKROOT = iphoneos;
				SWIFT_OPTIMIZATION_LEVEL = "-Owholemodule";
				SWIFT_VERSION = 4.2;
				TARGETED_DEVICE_FAMILY = "1,2";
				VALIDATE_PRODUCT = YES;
			};
			name = Release;
		};
		AC094AF61F3CD83D00EF6F94 /* Debug */ = {
			isa = XCBuildConfiguration;
			baseConfigurationReference = 4335053FCF563334815F88DA /* Pods-CustomHtmlUi.debug.xcconfig */;
			buildSettings = {
				ASSETCATALOG_COMPILER_APPICON_NAME = AppIcon;
				DEVELOPMENT_TEAM = "";
				INFOPLIST_FILE = CustomHtmlUi/Info.plist;
				LD_RUNPATH_SEARCH_PATHS = "$(inherited) @executable_path/Frameworks";
				PRODUCT_BUNDLE_IDENTIFIER = com.bitmovin.player.samples.custom.ui.html;
				PRODUCT_NAME = "$(TARGET_NAME)";
				SWIFT_VERSION = 4.2;
			};
			name = Debug;
		};
		AC094AF71F3CD83D00EF6F94 /* Release */ = {
			isa = XCBuildConfiguration;
			baseConfigurationReference = 971DF31B4589A0AA7A677280 /* Pods-CustomHtmlUi.release.xcconfig */;
			buildSettings = {
				ASSETCATALOG_COMPILER_APPICON_NAME = AppIcon;
				DEVELOPMENT_TEAM = "";
				INFOPLIST_FILE = CustomHtmlUi/Info.plist;
				LD_RUNPATH_SEARCH_PATHS = "$(inherited) @executable_path/Frameworks";
				PRODUCT_BUNDLE_IDENTIFIER = com.bitmovin.player.samples.custom.ui.html;
				PRODUCT_NAME = "$(TARGET_NAME)";
				SWIFT_VERSION = 4.2;
			};
			name = Release;
		};
/* End XCBuildConfiguration section */

/* Begin XCConfigurationList section */
		AC094ADB1F3CD83D00EF6F94 /* Build configuration list for PBXProject "CustomHtmlUi" */ = {
			isa = XCConfigurationList;
			buildConfigurations = (
				AC094AF31F3CD83D00EF6F94 /* Debug */,
				AC094AF41F3CD83D00EF6F94 /* Release */,
			);
			defaultConfigurationIsVisible = 0;
			defaultConfigurationName = Release;
		};
		AC094AF51F3CD83D00EF6F94 /* Build configuration list for PBXNativeTarget "CustomHtmlUi" */ = {
			isa = XCConfigurationList;
			buildConfigurations = (
				AC094AF61F3CD83D00EF6F94 /* Debug */,
				AC094AF71F3CD83D00EF6F94 /* Release */,
			);
			defaultConfigurationIsVisible = 0;
			defaultConfigurationName = Release;
		};
/* End XCConfigurationList section */

/* Begin XCVersionGroup section */
		AC094AEA1F3CD83D00EF6F94 /* CustomHtmlUi.xcdatamodeld */ = {
			isa = XCVersionGroup;
			children = (
				AC094AEB1F3CD83D00EF6F94 /* CustomHtmlUi.xcdatamodel */,
			);
			currentVersion = AC094AEB1F3CD83D00EF6F94 /* CustomHtmlUi.xcdatamodel */;
			path = CustomHtmlUi.xcdatamodeld;
			sourceTree = "<group>";
			versionGroupType = wrapper.xcdatamodel;
		};
/* End XCVersionGroup section */
	};
	rootObject = AC094AD81F3CD83D00EF6F94 /* Project object */;
}
