// !$*UTF8*$!
{
	archiveVersion = 1;
	classes = {
	};
	objectVersion = 51;
	objects = {

/* Begin PBXBuildFile section */
		ACDF6246207D1AB40027FC3F /* AppDelegate.swift in Sources */ = {isa = PBXBuildFile; fileRef = ACDF6245207D1AB40027FC3F /* AppDelegate.swift */; };
		ACDF6248207D1AB40027FC3F /* ViewController.swift in Sources */ = {isa = PBXBuildFile; fileRef = ACDF6247207D1AB40027FC3F /* ViewController.swift */; };
		ACDF624B207D1AB40027FC3F /* Main.storyboard in Resources */ = {isa = PBXBuildFile; fileRef = ACDF6249207D1AB40027FC3F /* Main.storyboard */; };
		ACDF624D207D1AB60027FC3F /* Assets.xcassets in Resources */ = {isa = PBXBuildFile; fileRef = ACDF624C207D1AB60027FC3F /* Assets.xcassets */; };
		ACDF6250207D1AB60027FC3F /* LaunchScreen.storyboard in Resources */ = {isa = PBXBuildFile; fileRef = ACDF624E207D1AB60027FC3F /* LaunchScreen.storyboard */; };
		F29F54EF0EC8DA45FCB80207 /* Pods_BackgroundPlayback.framework in Frameworks */ = {isa = PBXBuildFile; fileRef = 324EE2F48D8C873873CD1818 /* Pods_BackgroundPlayback.framework */; };
/* End PBXBuildFile section */

/* Begin PBXFileReference section */
		324EE2F48D8C873873CD1818 /* Pods_BackgroundPlayback.framework */ = {isa = PBXFileReference; explicitFileType = wrapper.framework; includeInIndex = 0; path = Pods_BackgroundPlayback.framework; sourceTree = BUILT_PRODUCTS_DIR; };
		6D191066C0174931F7BDDE72 /* Pods-BackgroundPlayback.debug.xcconfig */ = {isa = PBXFileReference; includeInIndex = 1; lastKnownFileType = text.xcconfig; name = "Pods-BackgroundPlayback.debug.xcconfig"; path = "../Pods/Target Support Files/Pods-BackgroundPlayback/Pods-BackgroundPlayback.debug.xcconfig"; sourceTree = "<group>"; };
		ACDF6242207D1AB40027FC3F /* BackgroundPlayback.app */ = {isa = PBXFileReference; explicitFileType = wrapper.application; includeInIndex = 0; path = BackgroundPlayback.app; sourceTree = BUILT_PRODUCTS_DIR; };
		ACDF6245207D1AB40027FC3F /* AppDelegate.swift */ = {isa = PBXFileReference; lastKnownFileType = sourcecode.swift; path = AppDelegate.swift; sourceTree = "<group>"; };
		ACDF6247207D1AB40027FC3F /* ViewController.swift */ = {isa = PBXFileReference; lastKnownFileType = sourcecode.swift; path = ViewController.swift; sourceTree = "<group>"; };
		ACDF624A207D1AB40027FC3F /* Base */ = {isa = PBXFileReference; lastKnownFileType = file.storyboard; name = Base; path = Base.lproj/Main.storyboard; sourceTree = "<group>"; };
		ACDF624C207D1AB60027FC3F /* Assets.xcassets */ = {isa = PBXFileReference; lastKnownFileType = folder.assetcatalog; path = Assets.xcassets; sourceTree = "<group>"; };
		ACDF624F207D1AB60027FC3F /* Base */ = {isa = PBXFileReference; lastKnownFileType = file.storyboard; name = Base; path = Base.lproj/LaunchScreen.storyboard; sourceTree = "<group>"; };
		ACDF6251207D1AB60027FC3F /* Info.plist */ = {isa = PBXFileReference; lastKnownFileType = text.plist.xml; path = Info.plist; sourceTree = "<group>"; };
		F82F78BA68E8484455A59553 /* Pods-BackgroundPlayback.release.xcconfig */ = {isa = PBXFileReference; includeInIndex = 1; lastKnownFileType = text.xcconfig; name = "Pods-BackgroundPlayback.release.xcconfig"; path = "../Pods/Target Support Files/Pods-BackgroundPlayback/Pods-BackgroundPlayback.release.xcconfig"; sourceTree = "<group>"; };
/* End PBXFileReference section */

/* Begin PBXFrameworksBuildPhase section */
		ACDF623F207D1AB40027FC3F /* Frameworks */ = {
			isa = PBXFrameworksBuildPhase;
			buildActionMask = 2147483647;
			files = (
				F29F54EF0EC8DA45FCB80207 /* Pods_BackgroundPlayback.framework in Frameworks */,
			);
			runOnlyForDeploymentPostprocessing = 0;
		};
/* End PBXFrameworksBuildPhase section */

/* Begin PBXGroup section */
		76207B8D823642872881F22A /* Pods */ = {
			isa = PBXGroup;
			children = (
				6D191066C0174931F7BDDE72 /* Pods-BackgroundPlayback.debug.xcconfig */,
				F82F78BA68E8484455A59553 /* Pods-BackgroundPlayback.release.xcconfig */,
			);
			name = Pods;
			sourceTree = "<group>";
		};
		93E68BC37200D24E6C9082DA /* Frameworks */ = {
			isa = PBXGroup;
			children = (
				324EE2F48D8C873873CD1818 /* Pods_BackgroundPlayback.framework */,
			);
			name = Frameworks;
			sourceTree = "<group>";
		};
		ACDF6239207D1AB40027FC3F = {
			isa = PBXGroup;
			children = (
				ACDF6244207D1AB40027FC3F /* BackgroundPlayback */,
				ACDF6243207D1AB40027FC3F /* Products */,
				76207B8D823642872881F22A /* Pods */,
				93E68BC37200D24E6C9082DA /* Frameworks */,
			);
			sourceTree = "<group>";
		};
		ACDF6243207D1AB40027FC3F /* Products */ = {
			isa = PBXGroup;
			children = (
				ACDF6242207D1AB40027FC3F /* BackgroundPlayback.app */,
			);
			name = Products;
			sourceTree = "<group>";
		};
		ACDF6244207D1AB40027FC3F /* BackgroundPlayback */ = {
			isa = PBXGroup;
			children = (
				ACDF6245207D1AB40027FC3F /* AppDelegate.swift */,
				ACDF6247207D1AB40027FC3F /* ViewController.swift */,
				ACDF6249207D1AB40027FC3F /* Main.storyboard */,
				ACDF624C207D1AB60027FC3F /* Assets.xcassets */,
				ACDF624E207D1AB60027FC3F /* LaunchScreen.storyboard */,
				ACDF6251207D1AB60027FC3F /* Info.plist */,
			);
			path = BackgroundPlayback;
			sourceTree = "<group>";
		};
/* End PBXGroup section */

/* Begin PBXNativeTarget section */
		ACDF6241207D1AB40027FC3F /* BackgroundPlayback */ = {
			isa = PBXNativeTarget;
			buildConfigurationList = ACDF6254207D1AB60027FC3F /* Build configuration list for PBXNativeTarget "BackgroundPlayback" */;
			buildPhases = (
				27D443C665FE07CF934569CC /* [CP] Check Pods Manifest.lock */,
				ACDF623E207D1AB40027FC3F /* Sources */,
				ACDF623F207D1AB40027FC3F /* Frameworks */,
				ACDF6240207D1AB40027FC3F /* Resources */,
				300E45B2624DFD0C28E37CD1 /* [CP] Embed Pods Frameworks */,
			);
			buildRules = (
			);
			dependencies = (
			);
			name = BackgroundPlayback;
			productName = BackgroundPlayback;
			productReference = ACDF6242207D1AB40027FC3F /* BackgroundPlayback.app */;
			productType = "com.apple.product-type.application";
		};
/* End PBXNativeTarget section */

/* Begin PBXProject section */
		ACDF623A207D1AB40027FC3F /* Project object */ = {
			isa = PBXProject;
			attributes = {
				LastSwiftUpdateCheck = 0930;
				LastUpgradeCheck = 0930;
				ORGANIZATIONNAME = Bitmovin;
				TargetAttributes = {
					ACDF6241207D1AB40027FC3F = {
						CreatedOnToolsVersion = 9.3;
						LastSwiftMigration = 1010;
						SystemCapabilities = {
							com.apple.BackgroundModes = {
								enabled = 1;
							};
						};
					};
				};
			};
			buildConfigurationList = ACDF623D207D1AB40027FC3F /* Build configuration list for PBXProject "BackgroundPlayback" */;
			compatibilityVersion = "Xcode 9.3";
			developmentRegion = en;
			hasScannedForEncodings = 0;
			knownRegions = (
				en,
				Base,
			);
			mainGroup = ACDF6239207D1AB40027FC3F;
			productRefGroup = ACDF6243207D1AB40027FC3F /* Products */;
			projectDirPath = "";
			projectRoot = "";
			targets = (
				ACDF6241207D1AB40027FC3F /* BackgroundPlayback */,
			);
		};
/* End PBXProject section */

/* Begin PBXResourcesBuildPhase section */
		ACDF6240207D1AB40027FC3F /* Resources */ = {
			isa = PBXResourcesBuildPhase;
			buildActionMask = 2147483647;
			files = (
				ACDF6250207D1AB60027FC3F /* LaunchScreen.storyboard in Resources */,
				ACDF624D207D1AB60027FC3F /* Assets.xcassets in Resources */,
				ACDF624B207D1AB40027FC3F /* Main.storyboard in Resources */,
			);
			runOnlyForDeploymentPostprocessing = 0;
		};
/* End PBXResourcesBuildPhase section */

/* Begin PBXShellScriptBuildPhase section */
		27D443C665FE07CF934569CC /* [CP] Check Pods Manifest.lock */ = {
			isa = PBXShellScriptBuildPhase;
			buildActionMask = 2147483647;
			files = (
			);
			inputPaths = (
				"${PODS_PODFILE_DIR_PATH}/Podfile.lock",
				"${PODS_ROOT}/Manifest.lock",
			);
			name = "[CP] Check Pods Manifest.lock";
			outputPaths = (
				"$(DERIVED_FILE_DIR)/Pods-BackgroundPlayback-checkManifestLockResult.txt",
			);
			runOnlyForDeploymentPostprocessing = 0;
			shellPath = /bin/sh;
			shellScript = "diff \"${PODS_PODFILE_DIR_PATH}/Podfile.lock\" \"${PODS_ROOT}/Manifest.lock\" > /dev/null\nif [ $? != 0 ] ; then\n    # print error to STDERR\n    echo \"error: The sandbox is not in sync with the Podfile.lock. Run 'pod install' or update your CocoaPods installation.\" >&2\n    exit 1\nfi\n# This output is used by Xcode 'outputs' to avoid re-running this script phase.\necho \"SUCCESS\" > \"${SCRIPT_OUTPUT_FILE_0}\"\n";
			showEnvVarsInLog = 0;
		};
		300E45B2624DFD0C28E37CD1 /* [CP] Embed Pods Frameworks */ = {
			isa = PBXShellScriptBuildPhase;
			buildActionMask = 2147483647;
			files = (
			);
			inputFileListPaths = (
				"${PODS_ROOT}/Target Support Files/Pods-BackgroundPlayback/Pods-BackgroundPlayback-frameworks-${CONFIGURATION}-input-files.xcfilelist",
			);
			name = "[CP] Embed Pods Frameworks";
			outputFileListPaths = (
				"${PODS_ROOT}/Target Support Files/Pods-BackgroundPlayback/Pods-BackgroundPlayback-frameworks-${CONFIGURATION}-output-files.xcfilelist",
			);
			runOnlyForDeploymentPostprocessing = 0;
			shellPath = /bin/sh;
			shellScript = "\"${PODS_ROOT}/Target Support Files/Pods-BackgroundPlayback/Pods-BackgroundPlayback-frameworks.sh\"\n";
			showEnvVarsInLog = 0;
		};
/* End PBXShellScriptBuildPhase section */

/* Begin PBXSourcesBuildPhase section */
		ACDF623E207D1AB40027FC3F /* Sources */ = {
			isa = PBXSourcesBuildPhase;
			buildActionMask = 2147483647;
			files = (
				ACDF6248207D1AB40027FC3F /* ViewController.swift in Sources */,
				ACDF6246207D1AB40027FC3F /* AppDelegate.swift in Sources */,
			);
			runOnlyForDeploymentPostprocessing = 0;
		};
/* End PBXSourcesBuildPhase section */

/* Begin PBXVariantGroup section */
		ACDF6249207D1AB40027FC3F /* Main.storyboard */ = {
			isa = PBXVariantGroup;
			children = (
				ACDF624A207D1AB40027FC3F /* Base */,
			);
			name = Main.storyboard;
			sourceTree = "<group>";
		};
		ACDF624E207D1AB60027FC3F /* LaunchScreen.storyboard */ = {
			isa = PBXVariantGroup;
			children = (
				ACDF624F207D1AB60027FC3F /* Base */,
			);
			name = LaunchScreen.storyboard;
			sourceTree = "<group>";
		};
/* End PBXVariantGroup section */

/* Begin XCBuildConfiguration section */
		ACDF6252207D1AB60027FC3F /* Debug */ = {
			isa = XCBuildConfiguration;
			buildSettings = {
				ALWAYS_SEARCH_USER_PATHS = NO;
				CLANG_ANALYZER_NONNULL = YES;
				CLANG_ANALYZER_NUMBER_OBJECT_CONVERSION = YES_AGGRESSIVE;
				CLANG_CXX_LANGUAGE_STANDARD = "gnu++14";
				CLANG_CXX_LIBRARY = "libc++";
				CLANG_ENABLE_MODULES = YES;
				CLANG_ENABLE_OBJC_ARC = YES;
				CLANG_ENABLE_OBJC_WEAK = YES;
				CLANG_WARN_BLOCK_CAPTURE_AUTORELEASING = YES;
				CLANG_WARN_BOOL_CONVERSION = YES;
				CLANG_WARN_COMMA = YES;
				CLANG_WARN_CONSTANT_CONVERSION = YES;
				CLANG_WARN_DEPRECATED_OBJC_IMPLEMENTATIONS = YES;
				CLANG_WARN_DIRECT_OBJC_ISA_USAGE = YES_ERROR;
				CLANG_WARN_DOCUMENTATION_COMMENTS = YES;
				CLANG_WARN_EMPTY_BODY = YES;
				CLANG_WARN_ENUM_CONVERSION = YES;
				CLANG_WARN_INFINITE_RECURSION = YES;
				CLANG_WARN_INT_CONVERSION = YES;
				CLANG_WARN_NON_LITERAL_NULL_CONVERSION = YES;
				CLANG_WARN_OBJC_IMPLICIT_RETAIN_SELF = YES;
				CLANG_WARN_OBJC_LITERAL_CONVERSION = YES;
				CLANG_WARN_OBJC_ROOT_CLASS = YES_ERROR;
				CLANG_WARN_RANGE_LOOP_ANALYSIS = YES;
				CLANG_WARN_STRICT_PROTOTYPES = YES;
				CLANG_WARN_SUSPICIOUS_MOVE = YES;
				CLANG_WARN_UNGUARDED_AVAILABILITY = YES_AGGRESSIVE;
				CLANG_WARN_UNREACHABLE_CODE = YES;
				CLANG_WARN__DUPLICATE_METHOD_MATCH = YES;
				CODE_SIGN_IDENTITY = "iPhone Developer";
				COPY_PHASE_STRIP = NO;
				DEBUG_INFORMATION_FORMAT = dwarf;
				ENABLE_STRICT_OBJC_MSGSEND = YES;
				ENABLE_TESTABILITY = YES;
				GCC_C_LANGUAGE_STANDARD = gnu11;
				GCC_DYNAMIC_NO_PIC = NO;
				GCC_NO_COMMON_BLOCKS = YES;
				GCC_OPTIMIZATION_LEVEL = 0;
				GCC_PREPROCESSOR_DEFINITIONS = (
					"DEBUG=1",
					"$(inherited)",
				);
				GCC_WARN_64_TO_32_BIT_CONVERSION = YES;
				GCC_WARN_ABOUT_RETURN_TYPE = YES_ERROR;
				GCC_WARN_UNDECLARED_SELECTOR = YES;
				GCC_WARN_UNINITIALIZED_AUTOS = YES_AGGRESSIVE;
				GCC_WARN_UNUSED_FUNCTION = YES;
				GCC_WARN_UNUSED_VARIABLE = YES;
				IPHONEOS_DEPLOYMENT_TARGET = 11.3;
				MTL_ENABLE_DEBUG_INFO = YES;
				ONLY_ACTIVE_ARCH = YES;
				SDKROOT = iphoneos;
				SWIFT_ACTIVE_COMPILATION_CONDITIONS = DEBUG;
				SWIFT_OPTIMIZATION_LEVEL = "-Onone";
				SWIFT_VERSION = 4.2;
			};
			name = Debug;
		};
		ACDF6253207D1AB60027FC3F /* Release */ = {
			isa = XCBuildConfiguration;
			buildSettings = {
				ALWAYS_SEARCH_USER_PATHS = NO;
				CLANG_ANALYZER_NONNULL = YES;
				CLANG_ANALYZER_NUMBER_OBJECT_CONVERSION = YES_AGGRESSIVE;
				CLANG_CXX_LANGUAGE_STANDARD = "gnu++14";
				CLANG_CXX_LIBRARY = "libc++";
				CLANG_ENABLE_MODULES = YES;
				CLANG_ENABLE_OBJC_ARC = YES;
				CLANG_ENABLE_OBJC_WEAK = YES;
				CLANG_WARN_BLOCK_CAPTURE_AUTORELEASING = YES;
				CLANG_WARN_BOOL_CONVERSION = YES;
				CLANG_WARN_COMMA = YES;
				CLANG_WARN_CONSTANT_CONVERSION = YES;
				CLANG_WARN_DEPRECATED_OBJC_IMPLEMENTATIONS = YES;
				CLANG_WARN_DIRECT_OBJC_ISA_USAGE = YES_ERROR;
				CLANG_WARN_DOCUMENTATION_COMMENTS = YES;
				CLANG_WARN_EMPTY_BODY = YES;
				CLANG_WARN_ENUM_CONVERSION = YES;
				CLANG_WARN_INFINITE_RECURSION = YES;
				CLANG_WARN_INT_CONVERSION = YES;
				CLANG_WARN_NON_LITERAL_NULL_CONVERSION = YES;
				CLANG_WARN_OBJC_IMPLICIT_RETAIN_SELF = YES;
				CLANG_WARN_OBJC_LITERAL_CONVERSION = YES;
				CLANG_WARN_OBJC_ROOT_CLASS = YES_ERROR;
				CLANG_WARN_RANGE_LOOP_ANALYSIS = YES;
				CLANG_WARN_STRICT_PROTOTYPES = YES;
				CLANG_WARN_SUSPICIOUS_MOVE = YES;
				CLANG_WARN_UNGUARDED_AVAILABILITY = YES_AGGRESSIVE;
				CLANG_WARN_UNREACHABLE_CODE = YES;
				CLANG_WARN__DUPLICATE_METHOD_MATCH = YES;
				CODE_SIGN_IDENTITY = "iPhone Developer";
				COPY_PHASE_STRIP = NO;
				DEBUG_INFORMATION_FORMAT = "dwarf-with-dsym";
				ENABLE_NS_ASSERTIONS = NO;
				ENABLE_STRICT_OBJC_MSGSEND = YES;
				GCC_C_LANGUAGE_STANDARD = gnu11;
				GCC_NO_COMMON_BLOCKS = YES;
				GCC_WARN_64_TO_32_BIT_CONVERSION = YES;
				GCC_WARN_ABOUT_RETURN_TYPE = YES_ERROR;
				GCC_WARN_UNDECLARED_SELECTOR = YES;
				GCC_WARN_UNINITIALIZED_AUTOS = YES_AGGRESSIVE;
				GCC_WARN_UNUSED_FUNCTION = YES;
				GCC_WARN_UNUSED_VARIABLE = YES;
				IPHONEOS_DEPLOYMENT_TARGET = 11.3;
				MTL_ENABLE_DEBUG_INFO = NO;
				SDKROOT = iphoneos;
				SWIFT_COMPILATION_MODE = wholemodule;
				SWIFT_OPTIMIZATION_LEVEL = "-O";
				SWIFT_VERSION = 4.2;
				VALIDATE_PRODUCT = YES;
			};
			name = Release;
		};
		ACDF6255207D1AB60027FC3F /* Debug */ = {
			isa = XCBuildConfiguration;
			baseConfigurationReference = 6D191066C0174931F7BDDE72 /* Pods-BackgroundPlayback.debug.xcconfig */;
			buildSettings = {
				ASSETCATALOG_COMPILER_APPICON_NAME = AppIcon;
				CODE_SIGN_STYLE = Automatic;
				DEVELOPMENT_TEAM = "";
				INFOPLIST_FILE = BackgroundPlayback/Info.plist;
				IPHONEOS_DEPLOYMENT_TARGET = 12.0;
				LD_RUNPATH_SEARCH_PATHS = (
					"$(inherited)",
					"@executable_path/Frameworks",
				);
				PRODUCT_BUNDLE_IDENTIFIER = com.bitmovin.player.samples.playback.background;
				PRODUCT_NAME = "$(TARGET_NAME)";
				SWIFT_VERSION = 4.2;
				TARGETED_DEVICE_FAMILY = "1,2";
			};
			name = Debug;
		};
		ACDF6256207D1AB60027FC3F /* Release */ = {
			isa = XCBuildConfiguration;
			baseConfigurationReference = F82F78BA68E8484455A59553 /* Pods-BackgroundPlayback.release.xcconfig */;
			buildSettings = {
				ASSETCATALOG_COMPILER_APPICON_NAME = AppIcon;
				CODE_SIGN_STYLE = Automatic;
				DEVELOPMENT_TEAM = "";
				INFOPLIST_FILE = BackgroundPlayback/Info.plist;
				IPHONEOS_DEPLOYMENT_TARGET = 12.0;
				LD_RUNPATH_SEARCH_PATHS = (
					"$(inherited)",
					"@executable_path/Frameworks",
				);
				PRODUCT_BUNDLE_IDENTIFIER = com.bitmovin.player.samples.playback.background;
				PRODUCT_NAME = "$(TARGET_NAME)";
				SWIFT_VERSION = 4.2;
				TARGETED_DEVICE_FAMILY = "1,2";
			};
			name = Release;
		};
/* End XCBuildConfiguration section */

/* Begin XCConfigurationList section */
		ACDF623D207D1AB40027FC3F /* Build configuration list for PBXProject "BackgroundPlayback" */ = {
			isa = XCConfigurationList;
			buildConfigurations = (
				ACDF6252207D1AB60027FC3F /* Debug */,
				ACDF6253207D1AB60027FC3F /* Release */,
			);
			defaultConfigurationIsVisible = 0;
			defaultConfigurationName = Release;
		};
		ACDF6254207D1AB60027FC3F /* Build configuration list for PBXNativeTarget "BackgroundPlayback" */ = {
			isa = XCConfigurationList;
			buildConfigurations = (
				ACDF6255207D1AB60027FC3F /* Debug */,
				ACDF6256207D1AB60027FC3F /* Release */,
			);
			defaultConfigurationIsVisible = 0;
			defaultConfigurationName = Release;
		};
/* End XCConfigurationList section */
	};
	rootObject = ACDF623A207D1AB40027FC3F /* Project object */;
}
