{
  "pins" : [
    {
      "identity" : "bitmovin-analytics-collector-ios",
      "kind" : "remoteSourceControl",
      "location" : "https://github.com/bitmovin/bitmovin-analytics-collector-ios.git",
      "state" : {
        "revision" : "89f88ffd3ab5fa7adabfb2e451576c6f921f97bc",
        "version" : "3.0.0"
      }
    },
    {
      "identity" : "player-ios",
      "kind" : "remoteSourceControl",
      "location" : "https://github.com/bitmovin/player-ios.git",
      "state" : {
        "revision" : "900ea9d331c6920e6d7c2f86196ce9d26b3d4347",
        "version" : "3.44.2"
      }
    },
    {
      "identity" : "player-ios-core",
      "kind" : "remoteSourceControl",
      "location" : "https://github.com/bitmovin/player-ios-core.git",
      "state" : {
        "revision" : "3287c9a8835374469a7992fad2ec63d5367441df",
        "version" : "3.44.2"
      }
    }
  ],
  "version" : 2
}
