{
  "pins" : [
    {
      "identity" : "bitmovin-analytics-collector-ios",
      "kind" : "remoteSourceControl",
      "location" : "https://github.com/bitmovin/bitmovin-analytics-collector-ios.git",
      "state" : {
        "revision" : "7a4fe8090579b908baf2697d61523b804d61f0c0",
        "version" : "3.5.0"
      }
    },
    {
      "identity" : "player-ios",
      "kind" : "remoteSourceControl",
      "location" : "https://github.com/bitmovin/player-ios.git",
      "state" : {
        "revision" : "5d1c3223c7d22d99a0102d15c7166ef38453119f",
        "version" : "3.56.3"
      }
    },
    {
      "identity" : "player-ios-core",
      "kind" : "remoteSourceControl",
      "location" : "https://github.com/bitmovin/player-ios-core.git",
      "state" : {
        "revision" : "f66fde3fd2274bdd9e638b222d77cfcdd7f67bb5",
        "version" : "3.56.3"
      }
    }
  ],
  "version" : 2
}
