{
  "pins" : [
    {
      "identity" : "player-ios",
      "kind" : "remoteSourceControl",
      "location" : "https://github.com/bitmovin/player-ios.git",
      "state" : {
        "revision" : "ab519278142dd6c4c84cee7bbbbf0aa762940c20",
        "version" : "3.20.0"
      }
    }
  ],
  "version" : 2
}
