// !$*UTF8*$!
{
	archiveVersion = 1;
	classes = {
	};
	objectVersion = 51;
	objects = {

/* Begin PBXBuildFile section */
		AC34AFB7208E1BC6003B07B0 /* AppDelegate.swift in Sources */ = {isa = PBXBuildFile; fileRef = AC34AFB6208E1BC6003B07B0 /* AppDelegate.swift */; };
		AC34AFB9208E1BC6003B07B0 /* ViewController.swift in Sources */ = {isa = PBXBuildFile; fileRef = AC34AFB8208E1BC6003B07B0 /* ViewController.swift */; };
		AC34AFBC208E1BC6003B07B0 /* Main.storyboard in Resources */ = {isa = PBXBuildFile; fileRef = AC34AFBA208E1BC6003B07B0 /* Main.storyboard */; };
		AC34AFBE208E1BC7003B07B0 /* Assets.xcassets in Resources */ = {isa = PBXBuildFile; fileRef = AC34AFBD208E1BC7003B07B0 /* Assets.xcassets */; };
		AC34AFC1208E1BC7003B07B0 /* LaunchScreen.storyboard in Resources */ = {isa = PBXBuildFile; fileRef = AC34AFBF208E1BC7003B07B0 /* LaunchScreen.storyboard */; };
		DED19BAD86FD563F8F3700E2 /* Pods_AdvancedCasting.framework in Frameworks */ = {isa = PBXBuildFile; fileRef = 431C18267ABE0029A1B4275A /* Pods_AdvancedCasting.framework */; };
/* End PBXBuildFile section */

/* Begin PBXFileReference section */
		35828319F3271045F5DEC3F8 /* Pods-AdvancedCasting.debug.xcconfig */ = {isa = PBXFileReference; includeInIndex = 1; lastKnownFileType = text.xcconfig; name = "Pods-AdvancedCasting.debug.xcconfig"; path = "../Pods/Target Support Files/Pods-AdvancedCasting/Pods-AdvancedCasting.debug.xcconfig"; sourceTree = "<group>"; };
		38D7FD37BEF36419616949ED /* Pods-AdvancedCasting.release.xcconfig */ = {isa = PBXFileReference; includeInIndex = 1; lastKnownFileType = text.xcconfig; name = "Pods-AdvancedCasting.release.xcconfig"; path = "../Pods/Target Support Files/Pods-AdvancedCasting/Pods-AdvancedCasting.release.xcconfig"; sourceTree = "<group>"; };
		431C18267ABE0029A1B4275A /* Pods_AdvancedCasting.framework */ = {isa = PBXFileReference; explicitFileType = wrapper.framework; includeInIndex = 0; path = Pods_AdvancedCasting.framework; sourceTree = BUILT_PRODUCTS_DIR; };
		6E57E8EC216C8F2000550E9A /* AdvancedCasting.entitlements */ = {isa = PBXFileReference; lastKnownFileType = text.plist.entitlements; path = AdvancedCasting.entitlements; sourceTree = "<group>"; };
		AC34AFB3208E1BC6003B07B0 /* AdvancedCasting.app */ = {isa = PBXFileReference; explicitFileType = wrapper.application; includeInIndex = 0; path = AdvancedCasting.app; sourceTree = BUILT_PRODUCTS_DIR; };
		AC34AFB6208E1BC6003B07B0 /* AppDelegate.swift */ = {isa = PBXFileReference; lastKnownFileType = sourcecode.swift; path = AppDelegate.swift; sourceTree = "<group>"; };
		AC34AFB8208E1BC6003B07B0 /* ViewController.swift */ = {isa = PBXFileReference; lastKnownFileType = sourcecode.swift; path = ViewController.swift; sourceTree = "<group>"; };
		AC34AFBB208E1BC6003B07B0 /* Base */ = {isa = PBXFileReference; lastKnownFileType = file.storyboard; name = Base; path = Base.lproj/Main.storyboard; sourceTree = "<group>"; };
		AC34AFBD208E1BC7003B07B0 /* Assets.xcassets */ = {isa = PBXFileReference; lastKnownFileType = folder.assetcatalog; path = Assets.xcassets; sourceTree = "<group>"; };
		AC34AFC0208E1BC7003B07B0 /* Base */ = {isa = PBXFileReference; lastKnownFileType = file.storyboard; name = Base; path = Base.lproj/LaunchScreen.storyboard; sourceTree = "<group>"; };
		AC34AFC2208E1BC7003B07B0 /* Info.plist */ = {isa = PBXFileReference; lastKnownFileType = text.plist.xml; path = Info.plist; sourceTree = "<group>"; };
/* End PBXFileReference section */

/* Begin PBXFrameworksBuildPhase section */
		AC34AFB0208E1BC6003B07B0 /* Frameworks */ = {
			isa = PBXFrameworksBuildPhase;
			buildActionMask = 2147483647;
			files = (
				DED19BAD86FD563F8F3700E2 /* Pods_AdvancedCasting.framework in Frameworks */,
			);
			runOnlyForDeploymentPostprocessing = 0;
		};
/* End PBXFrameworksBuildPhase section */

/* Begin PBXGroup section */
		7834D57B83DB72966E6E6D9B /* Frameworks */ = {
			isa = PBXGroup;
			children = (
				431C18267ABE0029A1B4275A /* Pods_AdvancedCasting.framework */,
			);
			name = Frameworks;
			sourceTree = "<group>";
		};
		AC34AFAA208E1BC6003B07B0 = {
			isa = PBXGroup;
			children = (
				AC34AFB5208E1BC6003B07B0 /* AdvancedCasting */,
				AC34AFB4208E1BC6003B07B0 /* Products */,
				F583E00EDBC425E148E38E6C /* Pods */,
				7834D57B83DB72966E6E6D9B /* Frameworks */,
			);
			sourceTree = "<group>";
		};
		AC34AFB4208E1BC6003B07B0 /* Products */ = {
			isa = PBXGroup;
			children = (
				AC34AFB3208E1BC6003B07B0 /* AdvancedCasting.app */,
			);
			name = Products;
			sourceTree = "<group>";
		};
		AC34AFB5208E1BC6003B07B0 /* AdvancedCasting */ = {
			isa = PBXGroup;
			children = (
				6E57E8EC216C8F2000550E9A /* AdvancedCasting.entitlements */,
				AC34AFB6208E1BC6003B07B0 /* AppDelegate.swift */,
				AC34AFB8208E1BC6003B07B0 /* ViewController.swift */,
				AC34AFBA208E1BC6003B07B0 /* Main.storyboard */,
				AC34AFBD208E1BC7003B07B0 /* Assets.xcassets */,
				AC34AFBF208E1BC7003B07B0 /* LaunchScreen.storyboard */,
				AC34AFC2208E1BC7003B07B0 /* Info.plist */,
			);
			path = AdvancedCasting;
			sourceTree = "<group>";
		};
		F583E00EDBC425E148E38E6C /* Pods */ = {
			isa = PBXGroup;
			children = (
				35828319F3271045F5DEC3F8 /* Pods-AdvancedCasting.debug.xcconfig */,
				38D7FD37BEF36419616949ED /* Pods-AdvancedCasting.release.xcconfig */,
			);
			name = Pods;
			sourceTree = "<group>";
		};
/* End PBXGroup section */

/* Begin PBXNativeTarget section */
		AC34AFB2208E1BC6003B07B0 /* AdvancedCasting */ = {
			isa = PBXNativeTarget;
			buildConfigurationList = AC34AFC5208E1BC7003B07B0 /* Build configuration list for PBXNativeTarget "AdvancedCasting" */;
			buildPhases = (
				FA431B1C48F2065D8F6515FA /* [CP] Check Pods Manifest.lock */,
				AC34AFAF208E1BC6003B07B0 /* Sources */,
				AC34AFB0208E1BC6003B07B0 /* Frameworks */,
				AC34AFB1208E1BC6003B07B0 /* Resources */,
				8FCB66AC5403713402D3B55C /* [CP] Embed Pods Frameworks */,
				84CCF211089A60974E0BE098 /* [CP] Copy Pods Resources */,
			);
			buildRules = (
			);
			dependencies = (
			);
			name = AdvancedCasting;
			productName = AdvancedCasting;
			productReference = AC34AFB3208E1BC6003B07B0 /* AdvancedCasting.app */;
			productType = "com.apple.product-type.application";
		};
/* End PBXNativeTarget section */

/* Begin PBXProject section */
		AC34AFAB208E1BC6003B07B0 /* Project object */ = {
			isa = PBXProject;
			attributes = {
				LastSwiftUpdateCheck = 0930;
				LastUpgradeCheck = 0930;
				ORGANIZATIONNAME = Bitmovin;
				TargetAttributes = {
					AC34AFB2208E1BC6003B07B0 = {
						CreatedOnToolsVersion = 9.3;
						LastSwiftMigration = 1010;
						SystemCapabilities = {
							com.apple.AccessWiFi = {
								enabled = 1;
							};
						};
					};
				};
			};
			buildConfigurationList = AC34AFAE208E1BC6003B07B0 /* Build configuration list for PBXProject "AdvancedCasting" */;
			compatibilityVersion = "Xcode 9.3";
			developmentRegion = en;
			hasScannedForEncodings = 0;
			knownRegions = (
				en,
				Base,
			);
			mainGroup = AC34AFAA208E1BC6003B07B0;
			productRefGroup = AC34AFB4208E1BC6003B07B0 /* Products */;
			projectDirPath = "";
			projectRoot = "";
			targets = (
				AC34AFB2208E1BC6003B07B0 /* AdvancedCasting */,
			);
		};
/* End PBXProject section */

/* Begin PBXResourcesBuildPhase section */
		AC34AFB1208E1BC6003B07B0 /* Resources */ = {
			isa = PBXResourcesBuildPhase;
			buildActionMask = 2147483647;
			files = (
				AC34AFC1208E1BC7003B07B0 /* LaunchScreen.storyboard in Resources */,
				AC34AFBE208E1BC7003B07B0 /* Assets.xcassets in Resources */,
				AC34AFBC208E1BC6003B07B0 /* Main.storyboard in Resources */,
			);
			runOnlyForDeploymentPostprocessing = 0;
		};
/* End PBXResourcesBuildPhase section */

/* Begin PBXShellScriptBuildPhase section */
		84CCF211089A60974E0BE098 /* [CP] Copy Pods Resources */ = {
			isa = PBXShellScriptBuildPhase;
			buildActionMask = 2147483647;
			files = (
			);
			inputFileListPaths = (
				"${PODS_ROOT}/Target Support Files/Pods-AdvancedCasting/Pods-AdvancedCasting-resources-${CONFIGURATION}-input-files.xcfilelist",
			);
			name = "[CP] Copy Pods Resources";
			outputFileListPaths = (
				"${PODS_ROOT}/Target Support Files/Pods-AdvancedCasting/Pods-AdvancedCasting-resources-${CONFIGURATION}-output-files.xcfilelist",
			);
			runOnlyForDeploymentPostprocessing = 0;
			shellPath = /bin/sh;
			shellScript = "\"${PODS_ROOT}/Target Support Files/Pods-AdvancedCasting/Pods-AdvancedCasting-resources.sh\"\n";
			showEnvVarsInLog = 0;
		};
		8FCB66AC5403713402D3B55C /* [CP] Embed Pods Frameworks */ = {
			isa = PBXShellScriptBuildPhase;
			buildActionMask = 2147483647;
			files = (
			);
			inputFileListPaths = (
				"${PODS_ROOT}/Target Support Files/Pods-AdvancedCasting/Pods-AdvancedCasting-frameworks-${CONFIGURATION}-input-files.xcfilelist",
			);
			name = "[CP] Embed Pods Frameworks";
			outputFileListPaths = (
				"${PODS_ROOT}/Target Support Files/Pods-AdvancedCasting/Pods-AdvancedCasting-frameworks-${CONFIGURATION}-output-files.xcfilelist",
			);
			runOnlyForDeploymentPostprocessing = 0;
			shellPath = /bin/sh;
			shellScript = "\"${PODS_ROOT}/Target Support Files/Pods-AdvancedCasting/Pods-AdvancedCasting-frameworks.sh\"\n";
			showEnvVarsInLog = 0;
		};
		FA431B1C48F2065D8F6515FA /* [CP] Check Pods Manifest.lock */ = {
			isa = PBXShellScriptBuildPhase;
			buildActionMask = 2147483647;
			files = (
			);
			inputPaths = (
				"${PODS_PODFILE_DIR_PATH}/Podfile.lock",
				"${PODS_ROOT}/Manifest.lock",
			);
			name = "[CP] Check Pods Manifest.lock";
			outputPaths = (
				"$(DERIVED_FILE_DIR)/Pods-AdvancedCasting-checkManifestLockResult.txt",
			);
			runOnlyForDeploymentPostprocessing = 0;
			shellPath = /bin/sh;
			shellScript = "diff \"${PODS_PODFILE_DIR_PATH}/Podfile.lock\" \"${PODS_ROOT}/Manifest.lock\" > /dev/null\nif [ $? != 0 ] ; then\n    # print error to STDERR\n    echo \"error: The sandbox is not in sync with the Podfile.lock. Run 'pod install' or update your CocoaPods installation.\" >&2\n    exit 1\nfi\n# This output is used by Xcode 'outputs' to avoid re-running this script phase.\necho \"SUCCESS\" > \"${SCRIPT_OUTPUT_FILE_0}\"\n";
			showEnvVarsInLog = 0;
		};
/* End PBXShellScriptBuildPhase section */

/* Begin PBXSourcesBuildPhase section */
		AC34AFAF208E1BC6003B07B0 /* Sources */ = {
			isa = PBXSourcesBuildPhase;
			buildActionMask = 2147483647;
			files = (
				AC34AFB9208E1BC6003B07B0 /* ViewController.swift in Sources */,
				AC34AFB7208E1BC6003B07B0 /* AppDelegate.swift in Sources */,
			);
			runOnlyForDeploymentPostprocessing = 0;
		};
/* End PBXSourcesBuildPhase section */

/* Begin PBXVariantGroup section */
		AC34AFBA208E1BC6003B07B0 /* Main.storyboard */ = {
			isa = PBXVariantGroup;
			children = (
				AC34AFBB208E1BC6003B07B0 /* Base */,
			);
			name = Main.storyboard;
			sourceTree = "<group>";
		};
		AC34AFBF208E1BC7003B07B0 /* LaunchScreen.storyboard */ = {
			isa = PBXVariantGroup;
			children = (
				AC34AFC0208E1BC7003B07B0 /* Base */,
			);
			name = LaunchScreen.storyboard;
			sourceTree = "<group>";
		};
/* End PBXVariantGroup section */

/* Begin XCBuildConfiguration section */
		AC34AFC3208E1BC7003B07B0 /* Debug */ = {
			isa = XCBuildConfiguration;
			buildSettings = {
				ALWAYS_SEARCH_USER_PATHS = NO;
				CLANG_ANALYZER_NONNULL = YES;
				CLANG_ANALYZER_NUMBER_OBJECT_CONVERSION = YES_AGGRESSIVE;
				CLANG_CXX_LANGUAGE_STANDARD = "gnu++14";
				CLANG_CXX_LIBRARY = "libc++";
				CLANG_ENABLE_MODULES = YES;
				CLANG_ENABLE_OBJC_ARC = YES;
				CLANG_ENABLE_OBJC_WEAK = YES;
				CLANG_WARN_BLOCK_CAPTURE_AUTORELEASING = YES;
				CLANG_WARN_BOOL_CONVERSION = YES;
				CLANG_WARN_COMMA = YES;
				CLANG_WARN_CONSTANT_CONVERSION = YES;
				CLANG_WARN_DEPRECATED_OBJC_IMPLEMENTATIONS = YES;
				CLANG_WARN_DIRECT_OBJC_ISA_USAGE = YES_ERROR;
				CLANG_WARN_DOCUMENTATION_COMMENTS = YES;
				CLANG_WARN_EMPTY_BODY = YES;
				CLANG_WARN_ENUM_CONVERSION = YES;
				CLANG_WARN_INFINITE_RECURSION = YES;
				CLANG_WARN_INT_CONVERSION = YES;
				CLANG_WARN_NON_LITERAL_NULL_CONVERSION = YES;
				CLANG_WARN_OBJC_IMPLICIT_RETAIN_SELF = YES;
				CLANG_WARN_OBJC_LITERAL_CONVERSION = YES;
				CLANG_WARN_OBJC_ROOT_CLASS = YES_ERROR;
				CLANG_WARN_RANGE_LOOP_ANALYSIS = YES;
				CLANG_WARN_STRICT_PROTOTYPES = YES;
				CLANG_WARN_SUSPICIOUS_MOVE = YES;
				CLANG_WARN_UNGUARDED_AVAILABILITY = YES_AGGRESSIVE;
				CLANG_WARN_UNREACHABLE_CODE = YES;
				CLANG_WARN__DUPLICATE_METHOD_MATCH = YES;
				CODE_SIGN_IDENTITY = "iPhone Developer";
				COPY_PHASE_STRIP = NO;
				DEBUG_INFORMATION_FORMAT = dwarf;
				ENABLE_STRICT_OBJC_MSGSEND = YES;
				ENABLE_TESTABILITY = YES;
				GCC_C_LANGUAGE_STANDARD = gnu11;
				GCC_DYNAMIC_NO_PIC = NO;
				GCC_NO_COMMON_BLOCKS = YES;
				GCC_OPTIMIZATION_LEVEL = 0;
				GCC_PREPROCESSOR_DEFINITIONS = (
					"DEBUG=1",
					"$(inherited)",
				);
				GCC_WARN_64_TO_32_BIT_CONVERSION = YES;
				GCC_WARN_ABOUT_RETURN_TYPE = YES_ERROR;
				GCC_WARN_UNDECLARED_SELECTOR = YES;
				GCC_WARN_UNINITIALIZED_AUTOS = YES_AGGRESSIVE;
				GCC_WARN_UNUSED_FUNCTION = YES;
				GCC_WARN_UNUSED_VARIABLE = YES;
				IPHONEOS_DEPLOYMENT_TARGET = 11.3;
				MTL_ENABLE_DEBUG_INFO = YES;
				ONLY_ACTIVE_ARCH = YES;
				SDKROOT = iphoneos;
				SWIFT_ACTIVE_COMPILATION_CONDITIONS = DEBUG;
				SWIFT_OPTIMIZATION_LEVEL = "-Onone";
				SWIFT_VERSION = 4.2;
			};
			name = Debug;
		};
		AC34AFC4208E1BC7003B07B0 /* Release */ = {
			isa = XCBuildConfiguration;
			buildSettings = {
				ALWAYS_SEARCH_USER_PATHS = NO;
				CLANG_ANALYZER_NONNULL = YES;
				CLANG_ANALYZER_NUMBER_OBJECT_CONVERSION = YES_AGGRESSIVE;
				CLANG_CXX_LANGUAGE_STANDARD = "gnu++14";
				CLANG_CXX_LIBRARY = "libc++";
				CLANG_ENABLE_MODULES = YES;
				CLANG_ENABLE_OBJC_ARC = YES;
				CLANG_ENABLE_OBJC_WEAK = YES;
				CLANG_WARN_BLOCK_CAPTURE_AUTORELEASING = YES;
				CLANG_WARN_BOOL_CONVERSION = YES;
				CLANG_WARN_COMMA = YES;
				CLANG_WARN_CONSTANT_CONVERSION = YES;
				CLANG_WARN_DEPRECATED_OBJC_IMPLEMENTATIONS = YES;
				CLANG_WARN_DIRECT_OBJC_ISA_USAGE = YES_ERROR;
				CLANG_WARN_DOCUMENTATION_COMMENTS = YES;
				CLANG_WARN_EMPTY_BODY = YES;
				CLANG_WARN_ENUM_CONVERSION = YES;
				CLANG_WARN_INFINITE_RECURSION = YES;
				CLANG_WARN_INT_CONVERSION = YES;
				CLANG_WARN_NON_LITERAL_NULL_CONVERSION = YES;
				CLANG_WARN_OBJC_IMPLICIT_RETAIN_SELF = YES;
				CLANG_WARN_OBJC_LITERAL_CONVERSION = YES;
				CLANG_WARN_OBJC_ROOT_CLASS = YES_ERROR;
				CLANG_WARN_RANGE_LOOP_ANALYSIS = YES;
				CLANG_WARN_STRICT_PROTOTYPES = YES;
				CLANG_WARN_SUSPICIOUS_MOVE = YES;
				CLANG_WARN_UNGUARDED_AVAILABILITY = YES_AGGRESSIVE;
				CLANG_WARN_UNREACHABLE_CODE = YES;
				CLANG_WARN__DUPLICATE_METHOD_MATCH = YES;
				CODE_SIGN_IDENTITY = "iPhone Developer";
				COPY_PHASE_STRIP = NO;
				DEBUG_INFORMATION_FORMAT = "dwarf-with-dsym";
				ENABLE_NS_ASSERTIONS = NO;
				ENABLE_STRICT_OBJC_MSGSEND = YES;
				GCC_C_LANGUAGE_STANDARD = gnu11;
				GCC_NO_COMMON_BLOCKS = YES;
				GCC_WARN_64_TO_32_BIT_CONVERSION = YES;
				GCC_WARN_ABOUT_RETURN_TYPE = YES_ERROR;
				GCC_WARN_UNDECLARED_SELECTOR = YES;
				GCC_WARN_UNINITIALIZED_AUTOS = YES_AGGRESSIVE;
				GCC_WARN_UNUSED_FUNCTION = YES;
				GCC_WARN_UNUSED_VARIABLE = YES;
				IPHONEOS_DEPLOYMENT_TARGET = 11.3;
				MTL_ENABLE_DEBUG_INFO = NO;
				SDKROOT = iphoneos;
				SWIFT_COMPILATION_MODE = wholemodule;
				SWIFT_OPTIMIZATION_LEVEL = "-O";
				SWIFT_VERSION = 4.2;
				VALIDATE_PRODUCT = YES;
			};
			name = Release;
		};
		AC34AFC6208E1BC7003B07B0 /* Debug */ = {
			isa = XCBuildConfiguration;
			baseConfigurationReference = 35828319F3271045F5DEC3F8 /* Pods-AdvancedCasting.debug.xcconfig */;
			buildSettings = {
				ASSETCATALOG_COMPILER_APPICON_NAME = AppIcon;
				CODE_SIGN_ENTITLEMENTS = AdvancedCasting/AdvancedCasting.entitlements;
				CODE_SIGN_STYLE = Automatic;
				DEVELOPMENT_TEAM = "";
				INFOPLIST_FILE = AdvancedCasting/Info.plist;
				IPHONEOS_DEPLOYMENT_TARGET = 10.0;
				LD_RUNPATH_SEARCH_PATHS = (
					"$(inherited)",
					"@executable_path/Frameworks",
				);
				PRODUCT_BUNDLE_IDENTIFIER = "com.bitmovin.player.sample.casting.advanced-$(DEVELOPMENT_TEAM)";
				PRODUCT_NAME = "$(TARGET_NAME)";
				SWIFT_VERSION = 4.2;
				TARGETED_DEVICE_FAMILY = "1,2";
			};
			name = Debug;
		};
		AC34AFC7208E1BC7003B07B0 /* Release */ = {
			isa = XCBuildConfiguration;
			baseConfigurationReference = 38D7FD37BEF36419616949ED /* Pods-AdvancedCasting.release.xcconfig */;
			buildSettings = {
				ASSETCATALOG_COMPILER_APPICON_NAME = AppIcon;
				CODE_SIGN_ENTITLEMENTS = AdvancedCasting/AdvancedCasting.entitlements;
				CODE_SIGN_STYLE = Automatic;
				DEVELOPMENT_TEAM = "";
				INFOPLIST_FILE = AdvancedCasting/Info.plist;
				IPHONEOS_DEPLOYMENT_TARGET = 10.0;
				LD_RUNPATH_SEARCH_PATHS = (
					"$(inherited)",
					"@executable_path/Frameworks",
				);
				PRODUCT_BUNDLE_IDENTIFIER = "com.bitmovin.player.sample.casting.advanced-$(DEVELOPMENT_TEAM)";
				PRODUCT_NAME = "$(TARGET_NAME)";
				SWIFT_VERSION = 4.2;
				TARGETED_DEVICE_FAMILY = "1,2";
			};
			name = Release;
		};
/* End XCBuildConfiguration section */

/* Begin XCConfigurationList section */
		AC34AFAE208E1BC6003B07B0 /* Build configuration list for PBXProject "AdvancedCasting" */ = {
			isa = XCConfigurationList;
			buildConfigurations = (
				AC34AFC3208E1BC7003B07B0 /* Debug */,
				AC34AFC4208E1BC7003B07B0 /* Release */,
			);
			defaultConfigurationIsVisible = 0;
			defaultConfigurationName = Release;
		};
		AC34AFC5208E1BC7003B07B0 /* Build configuration list for PBXNativeTarget "AdvancedCasting" */ = {
			isa = XCConfigurationList;
			buildConfigurations = (
				AC34AFC6208E1BC7003B07B0 /* Debug */,
				AC34AFC7208E1BC7003B07B0 /* Release */,
			);
			defaultConfigurationIsVisible = 0;
			defaultConfigurationName = Release;
		};
/* End XCConfigurationList section */
	};
	rootObject = AC34AFAB208E1BC6003B07B0 /* Project object */;
}
